
Microsoft Visual Studio Solution File, Format Version 12.00
# Visual Studio 15
VisualStudioVersion = 15.0.26124.0
MinimumVisualStudioVersion = 15.0.26124.0
Project("{2150E333-8FDC-42A3-9474-1A3956D46DE8}") = "Zaabee.Confluent.Kafka", "Zaabee.Confluent.Kafka", "{335C69C8-AD44-436D-9A6D-AD306420CD08}"
EndProject
Project("{2150E333-8FDC-42A3-9474-1A3956D46DE8}") = "demo", "demo", "{A7E0D797-577F-4790-B9A0-71934511C4DC}"
EndProject
Project("{2150E333-8FDC-42A3-9474-1A3956D46DE8}") = "src", "src", "{224294C1-F258-4952-A66B-AC494EA38829}"
EndProject
Project("{2150E333-8FDC-42A3-9474-1A3956D46DE8}") = "tests", "tests", "{67940534-80C7-4C29-B573-6F9E03FB7F02}"
EndProject
Project("{FAE04EC0-301F-11D3-BF4B-00C04F79EFBC}") = "Zaabee.Confluent.Kafka.Abstractions", "Zaabee.Confluent.Kafka\src\Zaabee.Confluent.Kafka.Abstractions\Zaabee.Confluent.Kafka.Abstractions.csproj", "{827B4E1E-DD3B-4716-9C55-D5CB0434F17C}"
EndProject
Project("{FAE04EC0-301F-11D3-BF4B-00C04F79EFBC}") = "Zaabee.Confluent.Kafka", "Zaabee.Confluent.Kafka\src\Zaabee.Confluent.Kafka\Zaabee.Confluent.Kafka.csproj", "{4D4532F7-ECCF-44F2-8BD6-64C1CEA989B7}"
EndProject
Global
	GlobalSection(SolutionConfigurationPlatforms) = preSolution
		Debug|Any CPU = Debug|Any CPU
		Debug|x64 = Debug|x64
		Debug|x86 = Debug|x86
		Release|Any CPU = Release|Any CPU
		Release|x64 = Release|x64
		Release|x86 = Release|x86
	EndGlobalSection
	GlobalSection(SolutionProperties) = preSolution
		HideSolutionNode = FALSE
	EndGlobalSection
	GlobalSection(NestedProjects) = preSolution
		{A7E0D797-577F-4790-B9A0-71934511C4DC} = {335C69C8-AD44-436D-9A6D-AD306420CD08}
		{224294C1-F258-4952-A66B-AC494EA38829} = {335C69C8-AD44-436D-9A6D-AD306420CD08}
		{67940534-80C7-4C29-B573-6F9E03FB7F02} = {335C69C8-AD44-436D-9A6D-AD306420CD08}
		{827B4E1E-DD3B-4716-9C55-D5CB0434F17C} = {224294C1-F258-4952-A66B-AC494EA38829}
		{4D4532F7-ECCF-44F2-8BD6-64C1CEA989B7} = {224294C1-F258-4952-A66B-AC494EA38829}
	EndGlobalSection
	GlobalSection(ProjectConfigurationPlatforms) = postSolution
		{827B4E1E-DD3B-4716-9C55-D5CB0434F17C}.Debug|Any CPU.ActiveCfg = Debug|Any CPU
		{827B4E1E-DD3B-4716-9C55-D5CB0434F17C}.Debug|Any CPU.Build.0 = Debug|Any CPU
		{827B4E1E-DD3B-4716-9C55-D5CB0434F17C}.Debug|x64.ActiveCfg = Debug|Any CPU
		{827B4E1E-DD3B-4716-9C55-D5CB0434F17C}.Debug|x64.Build.0 = Debug|Any CPU
		{827B4E1E-DD3B-4716-9C55-D5CB0434F17C}.Debug|x86.ActiveCfg = Debug|Any CPU
		{827B4E1E-DD3B-4716-9C55-D5CB0434F17C}.Debug|x86.Build.0 = Debug|Any CPU
		{827B4E1E-DD3B-4716-9C55-D5CB0434F17C}.Release|Any CPU.ActiveCfg = Release|Any CPU
		{827B4E1E-DD3B-4716-9C55-D5CB0434F17C}.Release|Any CPU.Build.0 = Release|Any CPU
		{827B4E1E-DD3B-4716-9C55-D5CB0434F17C}.Release|x64.ActiveCfg = Release|Any CPU
		{827B4E1E-DD3B-4716-9C55-D5CB0434F17C}.Release|x64.Build.0 = Release|Any CPU
		{827B4E1E-DD3B-4716-9C55-D5CB0434F17C}.Release|x86.ActiveCfg = Release|Any CPU
		{827B4E1E-DD3B-4716-9C55-D5CB0434F17C}.Release|x86.Build.0 = Release|Any CPU
		{4D4532F7-ECCF-44F2-8BD6-64C1CEA989B7}.Debug|Any CPU.ActiveCfg = Debug|Any CPU
		{4D4532F7-ECCF-44F2-8BD6-64C1CEA989B7}.Debug|Any CPU.Build.0 = Debug|Any CPU
		{4D4532F7-ECCF-44F2-8BD6-64C1CEA989B7}.Debug|x64.ActiveCfg = Debug|Any CPU
		{4D4532F7-ECCF-44F2-8BD6-64C1CEA989B7}.Debug|x64.Build.0 = Debug|Any CPU
		{4D4532F7-ECCF-44F2-8BD6-64C1CEA989B7}.Debug|x86.ActiveCfg = Debug|Any CPU
		{4D4532F7-ECCF-44F2-8BD6-64C1CEA989B7}.Debug|x86.Build.0 = Debug|Any CPU
		{4D4532F7-ECCF-44F2-8BD6-64C1CEA989B7}.Release|Any CPU.ActiveCfg = Release|Any CPU
		{4D4532F7-ECCF-44F2-8BD6-64C1CEA989B7}.Release|Any CPU.Build.0 = Release|Any CPU
		{4D4532F7-ECCF-44F2-8BD6-64C1CEA989B7}.Release|x64.ActiveCfg = Release|Any CPU
		{4D4532F7-ECCF-44F2-8BD6-64C1CEA989B7}.Release|x64.Build.0 = Release|Any CPU
		{4D4532F7-ECCF-44F2-8BD6-64C1CEA989B7}.Release|x86.ActiveCfg = Release|Any CPU
		{4D4532F7-ECCF-44F2-8BD6-64C1CEA989B7}.Release|x86.Build.0 = Release|Any CPU
	EndGlobalSection
EndGlobal
